{
  "name": "merginganddestructuring",
  "version": "1.0.0",
  "lockfileVersion": 1,
  "requires": true,
  "dependencies": {
    "deepmerge": {
      "version": "2.1.0",
      "resolved": "https://registry.npmjs.org/deepmerge/-/deepmerge-2.1.0.tgz",
      "integrity": "sha512-Q89Z26KAfA3lpPGhbF6XMfYAm3jIV3avViy6KOJ2JLzFbeWHOvPQUu5aSJIWXap3gDZC2y1eF5HXEPI2wGqgvw=="
    }
  }
}
